{
  "originHash" : "547ff29f24bde1fc9408eecbcd4109fffb96b0cbf63ac84fa910b428260f257d",
  "pins" : [
    {
      "identity" : "anylanguagemodel",
      "kind" : "remoteSourceControl",
      "location" : "https://github.com/mattt/AnyLanguageModel.git",
      "state" : {
        "branch" : "main",
        "revision" : "701d7e61db7b59db9092f2db62b1567144835b3b"
      }
    },
    {
      "identity" : "codexbar",
      "kind" : "remoteSourceControl",
      "location" : "https://github.com/TeamSloppy/CodexBar.git",
      "state" : {
        "branch" : "main",
        "revision" : "8a079c03b7bf56688678d076add4deff3b0d2290"
      }
    },
    {
      "identity" : "eventsource",
      "kind" : "remoteSourceControl",
      "location" : "https://github.com/mattt/EventSource",
      "state" : {
        "revision" : "a3a85a85214caf642abaa96ae664e4c772a59f6e",
        "version" : "1.4.1"
      }
    },
    {
      "identity" : "jsonschema",
      "kind" : "remoteSourceControl",
      "location" : "https://github.com/mattt/JSONSchema",
      "state" : {
        "revision" : "4c6f2467d5bc72b062c7a9b7e4cd77a09635ea8b",
        "version" : "1.3.1"
      }
    },
    {
      "identity" : "partialjsondecoder",
      "kind" : "remoteSourceControl",
      "location" : "https://github.com/mattt/PartialJSONDecoder",
      "state" : {
        "revision" : "e4d389e6bcc6771bb988d1a8a17695d8bfa97172",
        "version" : "1.0.0"
      }
    },
    {
      "identity" : "sweetcookiekit",
      "kind" : "remoteSourceControl",
      "location" : "https://github.com/steipete/SweetCookieKit",
      "state" : {
        "revision" : "4d5b71ffbb296937dc5ee8472f64721bca771cf0",
        "version" : "0.4.0"
      }
    },
    {
      "identity" : "swift-acp",
      "kind" : "remoteSourceControl",
      "location" : "https://github.com/TeamSloppy/swift-acp",
      "state" : {
        "branch" : "main",
        "revision" : "ab193aca4e5a468a39a06e175d990ce23e26dccd"
      }
    },
    {
      "identity" : "swift-argument-parser",
      "kind" : "remoteSourceControl",
      "location" : "https://github.com/apple/swift-argument-parser.git",
      "state" : {
        "revision" : "626b5b7b2f45e1b0b1c6f4a309296d1d21d7311b",
        "version" : "1.7.1"
      }
    },
    {
      "identity" : "swift-async-algorithms",
      "kind" : "remoteSourceControl",
      "location" : "https://github.com/apple/swift-async-algorithms.git",
      "state" : {
        "revision" : "9d349bcc328ac3c31ce40e746b5882742a0d1272",
        "version" : "1.1.3"
      }
    },
    {
      "identity" : "swift-atomics",
      "kind" : "remoteSourceControl",
      "location" : "https://github.com/apple/swift-atomics.git",
      "state" : {
        "revision" : "b601256eab081c0f92f059e12818ac1d4f178ff7",
        "version" : "1.3.0"
      }
    },
    {
      "identity" : "swift-collections",
      "kind" : "remoteSourceControl",
      "location" : "https://github.com/apple/swift-collections.git",
      "state" : {
        "revision" : "6675bc0ff86e61436e615df6fc5174e043e57924",
        "version" : "1.4.1"
      }
    },
    {
      "identity" : "swift-configuration",
      "kind" : "remoteSourceControl",
      "location" : "https://github.com/apple/swift-configuration.git",
      "state" : {
        "revision" : "9d5e40727efd060fb9b41b69932738f478abaa43",
        "version" : "0.2.0"
      }
    },
    {
      "identity" : "swift-log",
      "kind" : "remoteSourceControl",
      "location" : "https://github.com/apple/swift-log.git",
      "state" : {
        "revision" : "bbd81b6725ae874c69e9b8c8804d462356b55523",
        "version" : "1.10.1"
      }
    },
    {
      "identity" : "swift-nio",
      "kind" : "remoteSourceControl",
      "location" : "https://github.com/apple/swift-nio.git",
      "state" : {
        "revision" : "558f24a4647193b5a0e2104031b71c55d31ff83a",
        "version" : "2.97.1"
      }
    },
    {
      "identity" : "swift-sdk",
      "kind" : "remoteSourceControl",
      "location" : "https://github.com/modelcontextprotocol/swift-sdk.git",
      "state" : {
        "revision" : "6132fd4b5b4217ce4717c4775e4607f5c3120129",
        "version" : "0.12.0"
      }
    },
    {
      "identity" : "swift-service-lifecycle",
      "kind" : "remoteSourceControl",
      "location" : "https://github.com/swift-server/swift-service-lifecycle",
      "state" : {
        "revision" : "89888196dd79c61c50bca9a103d8114f32e1e598",
        "version" : "2.10.1"
      }
    },
    {
      "identity" : "swift-syntax",
      "kind" : "remoteSourceControl",
      "location" : "https://github.com/apple/swift-syntax",
      "state" : {
        "revision" : "0687f71944021d616d34d922343dcef086855920",
        "version" : "600.0.1"
      }
    },
    {
      "identity" : "swift-system",
      "kind" : "remoteSourceControl",
      "location" : "https://github.com/apple/swift-system",
      "state" : {
        "revision" : "7c6ad0fc39d0763e0b699210e4124afd5041c5df",
        "version" : "1.6.4"
      }
    }
  ],
  "version" : 3
}
